
Microsoft Visual Studio Solution File, Format Version 12.00
# Visual Studio Version 17
VisualStudioVersion = 17.5.33530.505
MinimumVisualStudioVersion = 10.0.40219.1
Project("{FAE04EC0-301F-11D3-BF4B-00C04F79EFBC}") = "API", "API\API.csproj", "{B3FAEAC4-118D-4A00-9D6B-DA996A6419BF}"
EndProject
Project("{FAE04EC0-301F-11D3-BF4B-00C04F79EFBC}") = "Domain", "Domain\Domain.csproj", "{2B4E4C3B-19B0-40F3-AA04-FF5A4E067DBE}"
EndProject
Project("{FAE04EC0-301F-11D3-BF4B-00C04F79EFBC}") = "Application", "Application\Application.csproj", "{C9DB1DB6-427A-4D44-A7E2-5E4E52D5BAE2}"
EndProject
Project("{FAE04EC0-301F-11D3-BF4B-00C04F79EFBC}") = "Infrastructure", "Infrastructure\Infrastructure.csproj", "{E40B86DD-10A0-4F74-9ADE-EE5355F97599}"
EndProject
Project("{FAE04EC0-301F-11D3-BF4B-00C04F79EFBC}") = "Shared", "Shared\Shared.csproj", "{19A8A15A-513A-470C-9B2A-B1F04CBB4735}"
EndProject
Global
	GlobalSection(SolutionConfigurationPlatforms) = preSolution
		Debug|Any CPU = Debug|Any CPU
		Release|Any CPU = Release|Any CPU
	EndGlobalSection
	GlobalSection(ProjectConfigurationPlatforms) = postSolution
		{B3FAEAC4-118D-4A00-9D6B-DA996A6419BF}.Debug|Any CPU.ActiveCfg = Debug|Any CPU
		{B3FAEAC4-118D-4A00-9D6B-DA996A6419BF}.Debug|Any CPU.Build.0 = Debug|Any CPU
		{B3FAEAC4-118D-4A00-9D6B-DA996A6419BF}.Release|Any CPU.ActiveCfg = Release|Any CPU
		{B3FAEAC4-118D-4A00-9D6B-DA996A6419BF}.Release|Any CPU.Build.0 = Release|Any CPU
		{2B4E4C3B-19B0-40F3-AA04-FF5A4E067DBE}.Debug|Any CPU.ActiveCfg = Debug|Any CPU
		{2B4E4C3B-19B0-40F3-AA04-FF5A4E067DBE}.Debug|Any CPU.Build.0 = Debug|Any CPU
		{2B4E4C3B-19B0-40F3-AA04-FF5A4E067DBE}.Release|Any CPU.ActiveCfg = Release|Any CPU
		{2B4E4C3B-19B0-40F3-AA04-FF5A4E067DBE}.Release|Any CPU.Build.0 = Release|Any CPU
		{C9DB1DB6-427A-4D44-A7E2-5E4E52D5BAE2}.Debug|Any CPU.ActiveCfg = Debug|Any CPU
		{C9DB1DB6-427A-4D44-A7E2-5E4E52D5BAE2}.Debug|Any CPU.Build.0 = Debug|Any CPU
		{C9DB1DB6-427A-4D44-A7E2-5E4E52D5BAE2}.Release|Any CPU.ActiveCfg = Release|Any CPU
		{C9DB1DB6-427A-4D44-A7E2-5E4E52D5BAE2}.Release|Any CPU.Build.0 = Release|Any CPU
		{E40B86DD-10A0-4F74-9ADE-EE5355F97599}.Debug|Any CPU.ActiveCfg = Debug|Any CPU
		{E40B86DD-10A0-4F74-9ADE-EE5355F97599}.Debug|Any CPU.Build.0 = Debug|Any CPU
		{E40B86DD-10A0-4F74-9ADE-EE5355F97599}.Release|Any CPU.ActiveCfg = Release|Any CPU
		{E40B86DD-10A0-4F74-9ADE-EE5355F97599}.Release|Any CPU.Build.0 = Release|Any CPU
		{19A8A15A-513A-470C-9B2A-B1F04CBB4735}.Debug|Any CPU.ActiveCfg = Debug|Any CPU
		{19A8A15A-513A-470C-9B2A-B1F04CBB4735}.Debug|Any CPU.Build.0 = Debug|Any CPU
		{19A8A15A-513A-470C-9B2A-B1F04CBB4735}.Release|Any CPU.ActiveCfg = Release|Any CPU
		{19A8A15A-513A-470C-9B2A-B1F04CBB4735}.Release|Any CPU.Build.0 = Release|Any CPU
	EndGlobalSection
	GlobalSection(SolutionProperties) = preSolution
		HideSolutionNode = FALSE
	EndGlobalSection
	GlobalSection(ExtensibilityGlobals) = postSolution
		SolutionGuid = {897E5578-4840-41D1-8F50-AFA8B4A3AF70}
	EndGlobalSection
EndGlobal
